
Microsoft Visual Studio Solution File, Format Version 12.00
# Visual Studio 15
VisualStudioVersion = 15.0.28307.489
MinimumVisualStudioVersion = 10.0.40219.1
Project("{FAE04EC0-301F-11D3-BF4B-00C04F79EFBC}") = "SSDIDashboard", "SSDIDashboard\SSDIDashboard.csproj", "{8443FE96-97D0-4EF8-83A7-122BDA278F30}"
EndProject
Global
	GlobalSection(SolutionConfigurationPlatforms) = preSolution
		Debug|Any CPU = Debug|Any CPU
		Release|Any CPU = Release|Any CPU
	EndGlobalSection
	GlobalSection(ProjectConfigurationPlatforms) = postSolution
		{8443FE96-97D0-4EF8-83A7-122BDA278F30}.Debug|Any CPU.ActiveCfg = Debug|Any CPU
		{8443FE96-97D0-4EF8-83A7-122BDA278F30}.Debug|Any CPU.Build.0 = Debug|Any CPU
		{8443FE96-97D0-4EF8-83A7-122BDA278F30}.Release|Any CPU.ActiveCfg = Release|Any CPU
		{8443FE96-97D0-4EF8-83A7-122BDA278F30}.Release|Any CPU.Build.0 = Release|Any CPU
	EndGlobalSection
	GlobalSection(SolutionProperties) = preSolution
		HideSolutionNode = FALSE
	EndGlobalSection
	GlobalSection(ExtensibilityGlobals) = postSolution
		SolutionGuid = {C7ED2E73-F2A6-4574-895C-63A5A1EA31FD}
	EndGlobalSection
EndGlobal
